
Microsoft Visual Studio Solution File, Format Version 12.00
# Visual Studio Version 17
VisualStudioVersion = 17.2.32616.157
MinimumVisualStudioVersion = 10.0.40219.1
Project("{FAE04EC0-301F-11D3-BF4B-00C04F79EFBC}") = "WebApplication1", "WebApplication1\WebApplication1.csproj", "{8AD27A1D-C531-453A-A269-10B7445A1245}"
EndProject
Project("{FAE04EC0-301F-11D3-BF4B-00C04F79EFBC}") = "AspNetCoreHostWPF", "AspNetCoreHostWPF\AspNetCoreHostWPF.csproj", "{49DE0EF4-3D34-4EB8-9126-51696D7E7F24}"
EndProject
Global
	GlobalSection(SolutionConfigurationPlatforms) = preSolution
		Debug|Any CPU = Debug|Any CPU
		Release|Any CPU = Release|Any CPU
	EndGlobalSection
	GlobalSection(ProjectConfigurationPlatforms) = postSolution
		{8AD27A1D-C531-453A-A269-10B7445A1245}.Debug|Any CPU.ActiveCfg = Debug|Any CPU
		{8AD27A1D-C531-453A-A269-10B7445A1245}.Debug|Any CPU.Build.0 = Debug|Any CPU
		{8AD27A1D-C531-453A-A269-10B7445A1245}.Release|Any CPU.ActiveCfg = Release|Any CPU
		{8AD27A1D-C531-453A-A269-10B7445A1245}.Release|Any CPU.Build.0 = Release|Any CPU
		{49DE0EF4-3D34-4EB8-9126-51696D7E7F24}.Debug|Any CPU.ActiveCfg = Debug|Any CPU
		{49DE0EF4-3D34-4EB8-9126-51696D7E7F24}.Debug|Any CPU.Build.0 = Debug|Any CPU
		{49DE0EF4-3D34-4EB8-9126-51696D7E7F24}.Release|Any CPU.ActiveCfg = Release|Any CPU
		{49DE0EF4-3D34-4EB8-9126-51696D7E7F24}.Release|Any CPU.Build.0 = Release|Any CPU
	EndGlobalSection
	GlobalSection(SolutionProperties) = preSolution
		HideSolutionNode = FALSE
	EndGlobalSection
	GlobalSection(ExtensibilityGlobals) = postSolution
		SolutionGuid = {77FE5B82-4D00-45FD-AD7C-B94EA42DEC93}
	EndGlobalSection
EndGlobal
